// !$*UTF8*$!
{
	archiveVersion = 1;
	classes = {
	};
	objectVersion = 55;
	objects = {

/* Begin PBXBuildFile section */
		D711050227EE1B9400308E77 /* Constants.swift in Sources */ = {isa = PBXBuildFile; fileRef = D711050127EE1B9400308E77 /* Constants.swift */; };
		D724D73C27CA9DD90026FF22 /* Place.swift in Sources */ = {isa = PBXBuildFile; fileRef = D724D73B27CA9DD90026FF22 /* Place.swift */; };
		D73E72F927F8EC0E00520559 /* Extantions.swift in Sources */ = {isa = PBXBuildFile; fileRef = D73E72F827F8EC0E00520559 /* Extantions.swift */; };
		D744A66427B4512100A934D6 /* AppDelegate.swift in Sources */ = {isa = PBXBuildFile; fileRef = D744A66327B4512100A934D6 /* AppDelegate.swift */; };
		D744A66627B4512100A934D6 /* SceneDelegate.swift in Sources */ = {isa = PBXBuildFile; fileRef = D744A66527B4512100A934D6 /* SceneDelegate.swift */; };
		D744A66827B4512100A934D6 /* EventAndPlaceViewController.swift in Sources */ = {isa = PBXBuildFile; fileRef = D744A66727B4512100A934D6 /* EventAndPlaceViewController.swift */; };
		D744A66B27B4512100A934D6 /* Main.storyboard in Resources */ = {isa = PBXBuildFile; fileRef = D744A66927B4512100A934D6 /* Main.storyboard */; };
		D744A66D27B4512300A934D6 /* Assets.xcassets in Resources */ = {isa = PBXBuildFile; fileRef = D744A66C27B4512300A934D6 /* Assets.xcassets */; };
		D744A67027B4512300A934D6 /* LaunchScreen.storyboard in Resources */ = {isa = PBXBuildFile; fileRef = D744A66E27B4512300A934D6 /* LaunchScreen.storyboard */; };
		D744A67E27B6E40900A934D6 /* EventCategoriesViewController.swift in Sources */ = {isa = PBXBuildFile; fileRef = D744A67D27B6E40900A934D6 /* EventCategoriesViewController.swift */; };
		D744A68027B6E58100A934D6 /* PlaceCategoriesViewController.swift in Sources */ = {isa = PBXBuildFile; fileRef = D744A67F27B6E58100A934D6 /* PlaceCategoriesViewController.swift */; };
		D744A68B27B9457100A934D6 /* NetworkManager.swift in Sources */ = {isa = PBXBuildFile; fileRef = D744A68A27B9457100A934D6 /* NetworkManager.swift */; };
		D744A69027B97E4300A934D6 /* Event.swift in Sources */ = {isa = PBXBuildFile; fileRef = D744A68F27B97E4300A934D6 /* Event.swift */; };
		D744A69327B985EE00A934D6 /* RandomEventBarViewController.swift in Sources */ = {isa = PBXBuildFile; fileRef = D744A69227B985EE00A934D6 /* RandomEventBarViewController.swift */; };
		D744A69527BD84A300A934D6 /* RandomEventCultureViewController.swift in Sources */ = {isa = PBXBuildFile; fileRef = D744A69427BD84A300A934D6 /* RandomEventCultureViewController.swift */; };
		D744A69927C1417C00A934D6 /* Bar.swift in Sources */ = {isa = PBXBuildFile; fileRef = D744A69827C1417C00A934D6 /* Bar.swift */; };
		D744A69B27C1505800A934D6 /* Culture.swift in Sources */ = {isa = PBXBuildFile; fileRef = D744A69A27C1505800A934D6 /* Culture.swift */; };
		D744A69D27C1510D00A934D6 /* EventCell.swift in Sources */ = {isa = PBXBuildFile; fileRef = D744A69C27C1510D00A934D6 /* EventCell.swift */; };
		D744A69F27C1511A00A934D6 /* PlaceCell.swift in Sources */ = {isa = PBXBuildFile; fileRef = D744A69E27C1511A00A934D6 /* PlaceCell.swift */; };
/* End PBXBuildFile section */

/* Begin PBXFileReference section */
		D711050127EE1B9400308E77 /* Constants.swift */ = {isa = PBXFileReference; lastKnownFileType = sourcecode.swift; path = Constants.swift; sourceTree = "<group>"; };
		D724D73B27CA9DD90026FF22 /* Place.swift */ = {isa = PBXFileReference; lastKnownFileType = sourcecode.swift; path = Place.swift; sourceTree = "<group>"; };
		D73E72F827F8EC0E00520559 /* Extantions.swift */ = {isa = PBXFileReference; lastKnownFileType = sourcecode.swift; path = Extantions.swift; sourceTree = "<group>"; };
		D744A66027B4512100A934D6 /* Now.app */ = {isa = PBXFileReference; explicitFileType = wrapper.application; includeInIndex = 0; path = Now.app; sourceTree = BUILT_PRODUCTS_DIR; };
		D744A66327B4512100A934D6 /* AppDelegate.swift */ = {isa = PBXFileReference; lastKnownFileType = sourcecode.swift; path = AppDelegate.swift; sourceTree = "<group>"; };
		D744A66527B4512100A934D6 /* SceneDelegate.swift */ = {isa = PBXFileReference; lastKnownFileType = sourcecode.swift; path = SceneDelegate.swift; sourceTree = "<group>"; };
		D744A66727B4512100A934D6 /* EventAndPlaceViewController.swift */ = {isa = PBXFileReference; lastKnownFileType = sourcecode.swift; path = EventAndPlaceViewController.swift; sourceTree = "<group>"; };
		D744A66A27B4512100A934D6 /* Base */ = {isa = PBXFileReference; lastKnownFileType = file.storyboard; name = Base; path = Base.lproj/Main.storyboard; sourceTree = "<group>"; };
		D744A66C27B4512300A934D6 /* Assets.xcassets */ = {isa = PBXFileReference; lastKnownFileType = folder.assetcatalog; path = Assets.xcassets; sourceTree = "<group>"; };
		D744A66F27B4512300A934D6 /* Base */ = {isa = PBXFileReference; lastKnownFileType = file.storyboard; name = Base; path = Base.lproj/LaunchScreen.storyboard; sourceTree = "<group>"; };
		D744A67127B4512300A934D6 /* Info.plist */ = {isa = PBXFileReference; lastKnownFileType = text.plist.xml; path = Info.plist; sourceTree = "<group>"; };
		D744A67D27B6E40900A934D6 /* EventCategoriesViewController.swift */ = {isa = PBXFileReference; lastKnownFileType = sourcecode.swift; path = EventCategoriesViewController.swift; sourceTree = "<group>"; };
		D744A67F27B6E58100A934D6 /* PlaceCategoriesViewController.swift */ = {isa = PBXFileReference; lastKnownFileType = sourcecode.swift; path = PlaceCategoriesViewController.swift; sourceTree = "<group>"; };
		D744A68A27B9457100A934D6 /* NetworkManager.swift */ = {isa = PBXFileReference; lastKnownFileType = sourcecode.swift; path = NetworkManager.swift; sourceTree = "<group>"; };
		D744A68F27B97E4300A934D6 /* Event.swift */ = {isa = PBXFileReference; lastKnownFileType = sourcecode.swift; path = Event.swift; sourceTree = "<group>"; };
		D744A69227B985EE00A934D6 /* RandomEventBarViewController.swift */ = {isa = PBXFileReference; lastKnownFileType = sourcecode.swift; path = RandomEventBarViewController.swift; sourceTree = "<group>"; };
		D744A69427BD84A300A934D6 /* RandomEventCultureViewController.swift */ = {isa = PBXFileReference; lastKnownFileType = sourcecode.swift; path = RandomEventCultureViewController.swift; sourceTree = "<group>"; };
		D744A69827C1417C00A934D6 /* Bar.swift */ = {isa = PBXFileReference; lastKnownFileType = sourcecode.swift; path = Bar.swift; sourceTree = "<group>"; };
		D744A69A27C1505800A934D6 /* Culture.swift */ = {isa = PBXFileReference; lastKnownFileType = sourcecode.swift; path = Culture.swift; sourceTree = "<group>"; };
		D744A69C27C1510D00A934D6 /* EventCell.swift */ = {isa = PBXFileReference; lastKnownFileType = sourcecode.swift; path = EventCell.swift; sourceTree = "<group>"; };
		D744A69E27C1511A00A934D6 /* PlaceCell.swift */ = {isa = PBXFileReference; lastKnownFileType = sourcecode.swift; path = PlaceCell.swift; sourceTree = "<group>"; };
/* End PBXFileReference section */

/* Begin PBXFrameworksBuildPhase section */
		D744A65D27B4512100A934D6 /* Frameworks */ = {
			isa = PBXFrameworksBuildPhase;
			buildActionMask = 2147483647;
			files = (
			);
			runOnlyForDeploymentPostprocessing = 0;
		};
/* End PBXFrameworksBuildPhase section */

/* Begin PBXGroup section */
		D744A65727B4512100A934D6 = {
			isa = PBXGroup;
			children = (
				D744A66227B4512100A934D6 /* Now */,
				D744A66127B4512100A934D6 /* Products */,
			);
			sourceTree = "<group>";
		};
		D744A66127B4512100A934D6 /* Products */ = {
			isa = PBXGroup;
			children = (
				D744A66027B4512100A934D6 /* Now.app */,
			);
			name = Products;
			sourceTree = "<group>";
		};
		D744A66227B4512100A934D6 /* Now */ = {
			isa = PBXGroup;
			children = (
				D744A69127B97E4F00A934D6 /* Model */,
				D744A68C27B9458500A934D6 /* Network */,
				D744A68527B6E62600A934D6 /* ViewControllers */,
				D744A6A027C1511F00A934D6 /* Views */,
				D744A68627B6E64300A934D6 /* Storyboards */,
				D744A68727B6E65E00A934D6 /* Supports */,
				D744A66C27B4512300A934D6 /* Assets.xcassets */,
				D744A67127B4512300A934D6 /* Info.plist */,
			);
			path = Now;
			sourceTree = "<group>";
		};
		D744A68527B6E62600A934D6 /* ViewControllers */ = {
			isa = PBXGroup;
			children = (
				D744A66727B4512100A934D6 /* EventAndPlaceViewController.swift */,
				D744A67D27B6E40900A934D6 /* EventCategoriesViewController.swift */,
				D744A67F27B6E58100A934D6 /* PlaceCategoriesViewController.swift */,
				D744A69227B985EE00A934D6 /* RandomEventBarViewController.swift */,
				D744A69427BD84A300A934D6 /* RandomEventCultureViewController.swift */,
			);
			path = ViewControllers;
			sourceTree = "<group>";
		};
		D744A68627B6E64300A934D6 /* Storyboards */ = {
			isa = PBXGroup;
			children = (
				D744A66927B4512100A934D6 /* Main.storyboard */,
				D744A66E27B4512300A934D6 /* LaunchScreen.storyboard */,
			);
			path = Storyboards;
			sourceTree = "<group>";
		};
		D744A68727B6E65E00A934D6 /* Supports */ = {
			isa = PBXGroup;
			children = (
				D744A66327B4512100A934D6 /* AppDelegate.swift */,
				D744A66527B4512100A934D6 /* SceneDelegate.swift */,
				D711050127EE1B9400308E77 /* Constants.swift */,
				D73E72F827F8EC0E00520559 /* Extantions.swift */,
			);
			path = Supports;
			sourceTree = "<group>";
		};
		D744A68C27B9458500A934D6 /* Network */ = {
			isa = PBXGroup;
			children = (
				D744A68A27B9457100A934D6 /* NetworkManager.swift */,
			);
			path = Network;
			sourceTree = "<group>";
		};
		D744A69127B97E4F00A934D6 /* Model */ = {
			isa = PBXGroup;
			children = (
				D744A68F27B97E4300A934D6 /* Event.swift */,
				D724D73B27CA9DD90026FF22 /* Place.swift */,
				D744A69827C1417C00A934D6 /* Bar.swift */,
				D744A69A27C1505800A934D6 /* Culture.swift */,
			);
			path = Model;
			sourceTree = "<group>";
		};
		D744A6A027C1511F00A934D6 /* Views */ = {
			isa = PBXGroup;
			children = (
				D744A69C27C1510D00A934D6 /* EventCell.swift */,
				D744A69E27C1511A00A934D6 /* PlaceCell.swift */,
			);
			path = Views;
			sourceTree = "<group>";
		};
/* End PBXGroup section */

/* Begin PBXNativeTarget section */
		D744A65F27B4512100A934D6 /* Now */ = {
			isa = PBXNativeTarget;
			buildConfigurationList = D744A67427B4512300A934D6 /* Build configuration list for PBXNativeTarget "Now" */;
			buildPhases = (
				D744A65C27B4512100A934D6 /* Sources */,
				D744A65D27B4512100A934D6 /* Frameworks */,
				D744A65E27B4512100A934D6 /* Resources */,
			);
			buildRules = (
			);
			dependencies = (
			);
			name = Now;
			productName = Now;
			productReference = D744A66027B4512100A934D6 /* Now.app */;
			productType = "com.apple.product-type.application";
		};
/* End PBXNativeTarget section */

/* Begin PBXProject section */
		D744A65827B4512100A934D6 /* Project object */ = {
			isa = PBXProject;
			attributes = {
				BuildIndependentTargetsInParallel = 1;
				LastSwiftUpdateCheck = 1320;
				LastUpgradeCheck = 1320;
				TargetAttributes = {
					D744A65F27B4512100A934D6 = {
						CreatedOnToolsVersion = 13.2.1;
					};
				};
			};
			buildConfigurationList = D744A65B27B4512100A934D6 /* Build configuration list for PBXProject "Now" */;
			compatibilityVersion = "Xcode 13.0";
			developmentRegion = en;
			hasScannedForEncodings = 0;
			knownRegions = (
				en,
				Base,
			);
			mainGroup = D744A65727B4512100A934D6;
			productRefGroup = D744A66127B4512100A934D6 /* Products */;
			projectDirPath = "";
			projectRoot = "";
			targets = (
				D744A65F27B4512100A934D6 /* Now */,
			);
		};
/* End PBXProject section */

/* Begin PBXResourcesBuildPhase section */
		D744A65E27B4512100A934D6 /* Resources */ = {
			isa = PBXResourcesBuildPhase;
			buildActionMask = 2147483647;
			files = (
				D744A67027B4512300A934D6 /* LaunchScreen.storyboard in Resources */,
				D744A66D27B4512300A934D6 /* Assets.xcassets in Resources */,
				D744A66B27B4512100A934D6 /* Main.storyboard in Resources */,
			);
			runOnlyForDeploymentPostprocessing = 0;
		};
/* End PBXResourcesBuildPhase section */

/* Begin PBXSourcesBuildPhase section */
		D744A65C27B4512100A934D6 /* Sources */ = {
			isa = PBXSourcesBuildPhase;
			buildActionMask = 2147483647;
			files = (
				D744A68B27B9457100A934D6 /* NetworkManager.swift in Sources */,
				D711050227EE1B9400308E77 /* Constants.swift in Sources */,
				D744A69D27C1510D00A934D6 /* EventCell.swift in Sources */,
				D744A69927C1417C00A934D6 /* Bar.swift in Sources */,
				D744A66827B4512100A934D6 /* EventAndPlaceViewController.swift in Sources */,
				D744A67E27B6E40900A934D6 /* EventCategoriesViewController.swift in Sources */,
				D724D73C27CA9DD90026FF22 /* Place.swift in Sources */,
				D744A69027B97E4300A934D6 /* Event.swift in Sources */,
				D744A69527BD84A300A934D6 /* RandomEventCultureViewController.swift in Sources */,
				D744A69327B985EE00A934D6 /* RandomEventBarViewController.swift in Sources */,
				D744A66427B4512100A934D6 /* AppDelegate.swift in Sources */,
				D744A68027B6E58100A934D6 /* PlaceCategoriesViewController.swift in Sources */,
				D744A69B27C1505800A934D6 /* Culture.swift in Sources */,
				D744A66627B4512100A934D6 /* SceneDelegate.swift in Sources */,
				D744A69F27C1511A00A934D6 /* PlaceCell.swift in Sources */,
				D73E72F927F8EC0E00520559 /* Extantions.swift in Sources */,
			);
			runOnlyForDeploymentPostprocessing = 0;
		};
/* End PBXSourcesBuildPhase section */

/* Begin PBXVariantGroup section */
		D744A66927B4512100A934D6 /* Main.storyboard */ = {
			isa = PBXVariantGroup;
			children = (
				D744A66A27B4512100A934D6 /* Base */,
			);
			name = Main.storyboard;
			sourceTree = "<group>";
		};
		D744A66E27B4512300A934D6 /* LaunchScreen.storyboard */ = {
			isa = PBXVariantGroup;
			children = (
				D744A66F27B4512300A934D6 /* Base */,
			);
			name = LaunchScreen.storyboard;
			sourceTree = "<group>";
		};
/* End PBXVariantGroup section */

/* Begin XCBuildConfiguration section */
		D744A67227B4512300A934D6 /* Debug */ = {
			isa = XCBuildConfiguration;
			buildSettings = {
				ALWAYS_SEARCH_USER_PATHS = NO;
				CLANG_ANALYZER_NONNULL = YES;
				CLANG_ANALYZER_NUMBER_OBJECT_CONVERSION = YES_AGGRESSIVE;
				CLANG_CXX_LANGUAGE_STANDARD = "gnu++17";
				CLANG_CXX_LIBRARY = "libc++";
				CLANG_ENABLE_MODULES = YES;
				CLANG_ENABLE_OBJC_ARC = YES;
				CLANG_ENABLE_OBJC_WEAK = YES;
				CLANG_WARN_BLOCK_CAPTURE_AUTORELEASING = YES;
				CLANG_WARN_BOOL_CONVERSION = YES;
				CLANG_WARN_COMMA = YES;
				CLANG_WARN_CONSTANT_CONVERSION = YES;
				CLANG_WARN_DEPRECATED_OBJC_IMPLEMENTATIONS = YES;
				CLANG_WARN_DIRECT_OBJC_ISA_USAGE = YES_ERROR;
				CLANG_WARN_DOCUMENTATION_COMMENTS = YES;
				CLANG_WARN_EMPTY_BODY = YES;
				CLANG_WARN_ENUM_CONVERSION = YES;
				CLANG_WARN_INFINITE_RECURSION = YES;
				CLANG_WARN_INT_CONVERSION = YES;
				CLANG_WARN_NON_LITERAL_NULL_CONVERSION = YES;
				CLANG_WARN_OBJC_IMPLICIT_RETAIN_SELF = YES;
				CLANG_WARN_OBJC_LITERAL_CONVERSION = YES;
				CLANG_WARN_OBJC_ROOT_CLASS = YES_ERROR;
				CLANG_WARN_QUOTED_INCLUDE_IN_FRAMEWORK_HEADER = YES;
				CLANG_WARN_RANGE_LOOP_ANALYSIS = YES;
				CLANG_WARN_STRICT_PROTOTYPES = YES;
				CLANG_WARN_SUSPICIOUS_MOVE = YES;
				CLANG_WARN_UNGUARDED_AVAILABILITY = YES_AGGRESSIVE;
				CLANG_WARN_UNREACHABLE_CODE = YES;
				CLANG_WARN__DUPLICATE_METHOD_MATCH = YES;
				COPY_PHASE_STRIP = NO;
				DEBUG_INFORMATION_FORMAT = dwarf;
				ENABLE_STRICT_OBJC_MSGSEND = YES;
				ENABLE_TESTABILITY = YES;
				GCC_C_LANGUAGE_STANDARD = gnu11;
				GCC_DYNAMIC_NO_PIC = NO;
				GCC_NO_COMMON_BLOCKS = YES;
				GCC_OPTIMIZATION_LEVEL = 0;
				GCC_PREPROCESSOR_DEFINITIONS = (
					"DEBUG=1",
					"$(inherited)",
				);
				GCC_WARN_64_TO_32_BIT_CONVERSION = YES;
				GCC_WARN_ABOUT_RETURN_TYPE = YES_ERROR;
				GCC_WARN_UNDECLARED_SELECTOR = YES;
				GCC_WARN_UNINITIALIZED_AUTOS = YES_AGGRESSIVE;
				GCC_WARN_UNUSED_FUNCTION = YES;
				GCC_WARN_UNUSED_VARIABLE = YES;
				IPHONEOS_DEPLOYMENT_TARGET = 15.2;
				MTL_ENABLE_DEBUG_INFO = INCLUDE_SOURCE;
				MTL_FAST_MATH = YES;
				ONLY_ACTIVE_ARCH = YES;
				SDKROOT = iphoneos;
				SWIFT_ACTIVE_COMPILATION_CONDITIONS = DEBUG;
				SWIFT_OPTIMIZATION_LEVEL = "-Onone";
			};
			name = Debug;
		};
		D744A67327B4512300A934D6 /* Release */ = {
			isa = XCBuildConfiguration;
			buildSettings = {
				ALWAYS_SEARCH_USER_PATHS = NO;
				CLANG_ANALYZER_NONNULL = YES;
				CLANG_ANALYZER_NUMBER_OBJECT_CONVERSION = YES_AGGRESSIVE;
				CLANG_CXX_LANGUAGE_STANDARD = "gnu++17";
				CLANG_CXX_LIBRARY = "libc++";
				CLANG_ENABLE_MODULES = YES;
				CLANG_ENABLE_OBJC_ARC = YES;
				CLANG_ENABLE_OBJC_WEAK = YES;
				CLANG_WARN_BLOCK_CAPTURE_AUTORELEASING = YES;
				CLANG_WARN_BOOL_CONVERSION = YES;
				CLANG_WARN_COMMA = YES;
				CLANG_WARN_CONSTANT_CONVERSION = YES;
				CLANG_WARN_DEPRECATED_OBJC_IMPLEMENTATIONS = YES;
				CLANG_WARN_DIRECT_OBJC_ISA_USAGE = YES_ERROR;
				CLANG_WARN_DOCUMENTATION_COMMENTS = YES;
				CLANG_WARN_EMPTY_BODY = YES;
				CLANG_WARN_ENUM_CONVERSION = YES;
				CLANG_WARN_INFINITE_RECURSION = YES;
				CLANG_WARN_INT_CONVERSION = YES;
				CLANG_WARN_NON_LITERAL_NULL_CONVERSION = YES;
				CLANG_WARN_OBJC_IMPLICIT_RETAIN_SELF = YES;
				CLANG_WARN_OBJC_LITERAL_CONVERSION = YES;
				CLANG_WARN_OBJC_ROOT_CLASS = YES_ERROR;
				CLANG_WARN_QUOTED_INCLUDE_IN_FRAMEWORK_HEADER = YES;
				CLANG_WARN_RANGE_LOOP_ANALYSIS = YES;
				CLANG_WARN_STRICT_PROTOTYPES = YES;
				CLANG_WARN_SUSPICIOUS_MOVE = YES;
				CLANG_WARN_UNGUARDED_AVAILABILITY = YES_AGGRESSIVE;
				CLANG_WARN_UNREACHABLE_CODE = YES;
				CLANG_WARN__DUPLICATE_METHOD_MATCH = YES;
				COPY_PHASE_STRIP = NO;
				DEBUG_INFORMATION_FORMAT = "dwarf-with-dsym";
				ENABLE_NS_ASSERTIONS = NO;
				ENABLE_STRICT_OBJC_MSGSEND = YES;
				GCC_C_LANGUAGE_STANDARD = gnu11;
				GCC_NO_COMMON_BLOCKS = YES;
				GCC_WARN_64_TO_32_BIT_CONVERSION = YES;
				GCC_WARN_ABOUT_RETURN_TYPE = YES_ERROR;
				GCC_WARN_UNDECLARED_SELECTOR = YES;
				GCC_WARN_UNINITIALIZED_AUTOS = YES_AGGRESSIVE;
				GCC_WARN_UNUSED_FUNCTION = YES;
				GCC_WARN_UNUSED_VARIABLE = YES;
				IPHONEOS_DEPLOYMENT_TARGET = 15.2;
				MTL_ENABLE_DEBUG_INFO = NO;
				MTL_FAST_MATH = YES;
				SDKROOT = iphoneos;
				SWIFT_COMPILATION_MODE = wholemodule;
				SWIFT_OPTIMIZATION_LEVEL = "-O";
				VALIDATE_PRODUCT = YES;
			};
			name = Release;
		};
		D744A67527B4512300A934D6 /* Debug */ = {
			isa = XCBuildConfiguration;
			buildSettings = {
				ASSETCATALOG_COMPILER_APPICON_NAME = AppIcon;
				ASSETCATALOG_COMPILER_GLOBAL_ACCENT_COLOR_NAME = AccentColor;
				CODE_SIGN_STYLE = Automatic;
				CURRENT_PROJECT_VERSION = 1;
				DEVELOPMENT_TEAM = 3M9TNH7XM2;
				GENERATE_INFOPLIST_FILE = YES;
				INFOPLIST_FILE = Now/Info.plist;
				INFOPLIST_KEY_UIApplicationSupportsIndirectInputEvents = YES;
				INFOPLIST_KEY_UILaunchStoryboardName = LaunchScreen;
				INFOPLIST_KEY_UIMainStoryboardFile = Main;
				INFOPLIST_KEY_UISupportedInterfaceOrientations = UIInterfaceOrientationPortrait;
				INFOPLIST_KEY_UISupportedInterfaceOrientations_iPad = "UIInterfaceOrientationPortrait UIInterfaceOrientationPortraitUpsideDown UIInterfaceOrientationLandscapeLeft UIInterfaceOrientationLandscapeRight";
				INFOPLIST_KEY_UISupportedInterfaceOrientations_iPhone = "UIInterfaceOrientationPortrait UIInterfaceOrientationLandscapeLeft UIInterfaceOrientationLandscapeRight";
				IPHONEOS_DEPLOYMENT_TARGET = 15.2;
				LD_RUNPATH_SEARCH_PATHS = (
					"$(inherited)",
					"@executable_path/Frameworks",
				);
				MARKETING_VERSION = 1.0;
				PRODUCT_BUNDLE_IDENTIFIER = DevDev.Now;
				PRODUCT_NAME = "$(TARGET_NAME)";
				SWIFT_EMIT_LOC_STRINGS = YES;
				SWIFT_VERSION = 5.0;
				TARGETED_DEVICE_FAMILY = 1;
			};
			name = Debug;
		};
		D744A67627B4512300A934D6 /* Release */ = {
			isa = XCBuildConfiguration;
			buildSettings = {
				ASSETCATALOG_COMPILER_APPICON_NAME = AppIcon;
				ASSETCATALOG_COMPILER_GLOBAL_ACCENT_COLOR_NAME = AccentColor;
				CODE_SIGN_STYLE = Automatic;
				CURRENT_PROJECT_VERSION = 1;
				DEVELOPMENT_TEAM = 3M9TNH7XM2;
				GENERATE_INFOPLIST_FILE = YES;
				INFOPLIST_FILE = Now/Info.plist;
				INFOPLIST_KEY_UIApplicationSupportsIndirectInputEvents = YES;
				INFOPLIST_KEY_UILaunchStoryboardName = LaunchScreen;
				INFOPLIST_KEY_UIMainStoryboardFile = Main;
				INFOPLIST_KEY_UISupportedInterfaceOrientations = UIInterfaceOrientationPortrait;
				INFOPLIST_KEY_UISupportedInterfaceOrientations_iPad = "UIInterfaceOrientationPortrait UIInterfaceOrientationPortraitUpsideDown UIInterfaceOrientationLandscapeLeft UIInterfaceOrientationLandscapeRight";
				INFOPLIST_KEY_UISupportedInterfaceOrientations_iPhone = "UIInterfaceOrientationPortrait UIInterfaceOrientationLandscapeLeft UIInterfaceOrientationLandscapeRight";
				IPHONEOS_DEPLOYMENT_TARGET = 15.2;
				LD_RUNPATH_SEARCH_PATHS = (
					"$(inherited)",
					"@executable_path/Frameworks",
				);
				MARKETING_VERSION = 1.0;
				PRODUCT_BUNDLE_IDENTIFIER = DevDev.Now;
				PRODUCT_NAME = "$(TARGET_NAME)";
				SWIFT_EMIT_LOC_STRINGS = YES;
				SWIFT_VERSION = 5.0;
				TARGETED_DEVICE_FAMILY = 1;
			};
			name = Release;
		};
/* End XCBuildConfiguration section */

/* Begin XCConfigurationList section */
		D744A65B27B4512100A934D6 /* Build configuration list for PBXProject "Now" */ = {
			isa = XCConfigurationList;
			buildConfigurations = (
				D744A67227B4512300A934D6 /* Debug */,
				D744A67327B4512300A934D6 /* Release */,
			);
			defaultConfigurationIsVisible = 0;
			defaultConfigurationName = Release;
		};
		D744A67427B4512300A934D6 /* Build configuration list for PBXNativeTarget "Now" */ = {
			isa = XCConfigurationList;
			buildConfigurations = (
				D744A67527B4512300A934D6 /* Debug */,
				D744A67627B4512300A934D6 /* Release */,
			);
			defaultConfigurationIsVisible = 0;
			defaultConfigurationName = Release;
		};
/* End XCConfigurationList section */
	};
	rootObject = D744A65827B4512100A934D6 /* Project object */;
}
